<Solution>
  <Folder Name="/Browsingway/">
    <Project Path="Browsingway/Browsingway.Common/Browsingway.Common.csproj" />
    <Project Path="Browsingway/Browsingway/Browsingway.csproj" />
  </Folder>
  <Project Path="HiAuRo/HiAuRo.csproj" />
  <Project Path="OmenTools/OmenTools.csproj" />
  <Project Path="HiAuRo.Helper/HiAuRo.Helper.csproj" />
</Solution>
